# THIS IS AN AUTOGENERATED FILE. DO NOT EDIT THIS FILE DIRECTLY.
# yarn lockfile v1


"@ampproject/remapping@^2.3.0":
  "integrity" "sha512-30iZtAPgz+LTIYoeivqYo853f02jBYSd5uGnGpkFV0M3xOt9aN73erkgYAmZU43x4VfqcnLxW9Kpg3R5LC4YYw=="
  "resolved" "https://registry.npmjs.org/@ampproject/remapping/-/remapping-2.3.0.tgz"
  "version" "2.3.0"
  dependencies:
    "@jridgewell/gen-mapping" "^0.3.5"
    "@jridgewell/trace-mapping" "^0.3.24"

"@esbuild/win32-x64@0.25.8":
  "integrity" "sha512-cn3Yr7+OaaZq1c+2pe+8yxC8E144SReCQjN6/2ynubzYjvyqZjTXfQJpAcQpsdJq3My7XADANiYGHoFC69pLQw=="
  "resolved" "https://registry.npmjs.org/@esbuild/win32-x64/-/win32-x64-0.25.8.tgz"
  "version" "0.25.8"

"@fortawesome/fontawesome-common-types@7.0.0":
  "integrity" "sha512-PGMrIYXLGA5K8RWy8zwBkd4vFi4z7ubxtet6Yn13Plf6krRTwPbdlCwlcfmoX0R7B4Z643QvrtHmdQ5fNtfFCg=="
  "resolved" "https://registry.npmjs.org/@fortawesome/fontawesome-common-types/-/fontawesome-common-types-7.0.0.tgz"
  "version" "7.0.0"

"@fortawesome/free-brands-svg-icons@^7.0.0":
  "integrity" "sha512-C8oY28gq/Qx/cHReJa2AunKJUHvUZDVoPlSTHtAvjriaNfi+5nugW4cx7yA/xN3f/nYkElw11gFBoJ2xUDDFgg=="
  "resolved" "https://registry.npmjs.org/@fortawesome/free-brands-svg-icons/-/free-brands-svg-icons-7.0.0.tgz"
  "version" "7.0.0"
  dependencies:
    "@fortawesome/fontawesome-common-types" "7.0.0"

"@fortawesome/free-solid-svg-icons@^7.0.0":
  "integrity" "sha512-njSLAllkOddYDCXgTFboXn54Oe5FcvpkWq+FoetOHR64PbN0608kM02Lze0xtISGpXgP+i26VyXRQA0Irh3Obw=="
  "resolved" "https://registry.npmjs.org/@fortawesome/free-solid-svg-icons/-/free-solid-svg-icons-7.0.0.tgz"
  "version" "7.0.0"
  dependencies:
    "@fortawesome/fontawesome-common-types" "7.0.0"

"@isaacs/fs-minipass@^4.0.0":
  "integrity" "sha512-wgm9Ehl2jpeqP3zw/7mo3kRHFp5MEDhqAdwy1fTGkHAwnkGOVsgpvQhL8B5n1qlb01jV3n/bI0ZfZp5lWA1k4w=="
  "resolved" "https://registry.npmjs.org/@isaacs/fs-minipass/-/fs-minipass-4.0.1.tgz"
  "version" "4.0.1"
  dependencies:
    "minipass" "^7.0.4"

"@jridgewell/gen-mapping@^0.3.5":
  "integrity" "sha512-OuLGC46TjB5BbN1dH8JULVVZY4WTdkF7tV9Ys6wLL1rubZnCMstOhNHueU5bLCrnRuDhKPDM4g6sw4Bel5Gzqg=="
  "resolved" "https://registry.npmjs.org/@jridgewell/gen-mapping/-/gen-mapping-0.3.12.tgz"
  "version" "0.3.12"
  dependencies:
    "@jridgewell/sourcemap-codec" "^1.5.0"
    "@jridgewell/trace-mapping" "^0.3.24"

"@jridgewell/resolve-uri@^3.1.0":
  "integrity" "sha512-bRISgCIjP20/tbWSPWMEi54QVPRZExkuD9lJL+UIxUKtwVJA8wW1Trb1jMs1RFXo1CBTNZ/5hpC9QvmKWdopKw=="
  "resolved" "https://registry.npmjs.org/@jridgewell/resolve-uri/-/resolve-uri-3.1.2.tgz"
  "version" "3.1.2"

"@jridgewell/sourcemap-codec@^1.4.14", "@jridgewell/sourcemap-codec@^1.4.15", "@jridgewell/sourcemap-codec@^1.5.0":
  "integrity" "sha512-VT2+G1VQs/9oz078bLrYbecdZKs912zQlkelYpuf+SXF+QvZDYJlbx/LSx+meSAwdDFnF8FVXW92AVjjkVmgFw=="
  "resolved" "https://registry.npmjs.org/@jridgewell/sourcemap-codec/-/sourcemap-codec-1.5.4.tgz"
  "version" "1.5.4"

"@jridgewell/trace-mapping@^0.3.24", "@jridgewell/trace-mapping@^0.3.25":
  "integrity" "sha512-uw6guiW/gcAGPDhLmd77/6lW8QLeiV5RUTsAX46Db6oLhGaVj4lhnPwb184s1bkc8kdVg/+h988dro8GRDpmYQ=="
  "resolved" "https://registry.npmjs.org/@jridgewell/trace-mapping/-/trace-mapping-0.3.29.tgz"
  "version" "0.3.29"
  dependencies:
    "@jridgewell/resolve-uri" "^3.1.0"
    "@jridgewell/sourcemap-codec" "^1.4.14"

"@lucide/svelte@^0.525.0":
  "integrity" "sha512-dyUxkXzepagLUzL8jHQNdeH286nC66ClLACsg+Neu/bjkRJWPWMzkT+H0DKlE70QdkicGCfs1ZGmXCc351hmZA=="
  "resolved" "https://registry.npmjs.org/@lucide/svelte/-/svelte-0.525.0.tgz"
  "version" "0.525.0"

"@polka/url@^1.0.0-next.24":
  "integrity" "sha512-wwQAWhWSuHaag8c4q/KN/vCoeOJYshAIvMQwD4GpSb3OiZklFfvAgmj0VCBBImRpuF/aFgIRzllXlVX93Jevww=="
  "resolved" "https://registry.npmjs.org/@polka/url/-/url-1.0.0-next.29.tgz"
  "version" "1.0.0-next.29"

"@rollup/rollup-win32-x64-msvc@4.45.1":
  "integrity" "sha512-M/fKi4sasCdM8i0aWJjCSFm2qEnYRR8AMLG2kxp6wD13+tMGA4Z1tVAuHkNRjud5SW2EM3naLuK35w9twvf6aA=="
  "resolved" "https://registry.npmjs.org/@rollup/rollup-win32-x64-msvc/-/rollup-win32-x64-msvc-4.45.1.tgz"
  "version" "4.45.1"

"@svelte-put/cloudflare-turnstile@^1.2.0":
  "integrity" "sha512-bm5zgKCBMbTrQCxX3u3rLiWaNFa6/B6juelE8Y8MriyaztxPg+ph5yS8WADMugEn3KmjN43QgcgsyHzPd2eCYg=="
  "resolved" "https://registry.npmjs.org/@svelte-put/cloudflare-turnstile/-/cloudflare-turnstile-1.2.0.tgz"
  "version" "1.2.0"

"@sveltejs/acorn-typescript@^1.0.5":
  "integrity" "sha512-IwQk4yfwLdibDlrXVE04jTZYlLnwsTT2PIOQQGNLWfjavGifnk1JD1LcZjZaBTRcxZu2FfPfNLOE04DSu9lqtQ=="
  "resolved" "https://registry.npmjs.org/@sveltejs/acorn-typescript/-/acorn-typescript-1.0.5.tgz"
  "version" "1.0.5"

"@sveltejs/adapter-auto@^6.0.0":
  "integrity" "sha512-mcWud3pYGPWM2Pphdj8G9Qiq24nZ8L4LB7coCUckUEy5Y7wOWGJ/enaZ4AtJTcSm5dNK1rIkBRoqt+ae4zlxcQ=="
  "resolved" "https://registry.npmjs.org/@sveltejs/adapter-auto/-/adapter-auto-6.0.1.tgz"
  "version" "6.0.1"

"@sveltejs/kit@^2.16.0":
  "integrity" "sha512-8H+fxDEp7Xq6tLFdrGdS5fLu6ONDQQ9DgyjboXpChubuFdfH9QoFX09ypssBpyNkJNZFt9eW3yLmXIc9CesPCA=="
  "resolved" "https://registry.npmjs.org/@sveltejs/kit/-/kit-2.25.1.tgz"
  "version" "2.25.1"
  dependencies:
    "@sveltejs/acorn-typescript" "^1.0.5"
    "@types/cookie" "^0.6.0"
    "acorn" "^8.14.1"
    "cookie" "^0.6.0"
    "devalue" "^5.1.0"
    "esm-env" "^1.2.2"
    "kleur" "^4.1.5"
    "magic-string" "^0.30.5"
    "mrmime" "^2.0.0"
    "sade" "^1.8.1"
    "set-cookie-parser" "^2.6.0"
    "sirv" "^3.0.0"

"@sveltejs/vite-plugin-svelte-inspector@^4.0.1":
  "integrity" "sha512-J/Nmb2Q2y7mck2hyCX4ckVHcR5tu2J+MtBEQqpDrrgELZ2uvraQcK/ioCV61AqkdXFgriksOKIceDcQmqnGhVw=="
  "resolved" "https://registry.npmjs.org/@sveltejs/vite-plugin-svelte-inspector/-/vite-plugin-svelte-inspector-4.0.1.tgz"
  "version" "4.0.1"
  dependencies:
    "debug" "^4.3.7"

"@sveltejs/vite-plugin-svelte@^5.0.0":
  "integrity" "sha512-Y1Cs7hhTc+a5E9Va/xwKlAJoariQyHY+5zBgCZg4PFWNYQ1nMN9sjK1zhw1gK69DuqVP++sht/1GZg1aRwmAXQ=="
  "resolved" "https://registry.npmjs.org/@sveltejs/vite-plugin-svelte/-/vite-plugin-svelte-5.1.1.tgz"
  "version" "5.1.1"
  dependencies:
    "@sveltejs/vite-plugin-svelte-inspector" "^4.0.1"
    "debug" "^4.4.1"
    "deepmerge" "^4.3.1"
    "kleur" "^4.1.5"
    "magic-string" "^0.30.17"
    "vitefu" "^1.0.6"

"@tailwindcss/forms@^0.5.9":
  "integrity" "sha512-utI1ONF6uf/pPNO68kmN1b8rEwNXv3czukalo8VtJH8ksIkZXr3Q3VYudZLkCsDd4Wku120uF02hYK25XGPorw=="
  "resolved" "https://registry.npmjs.org/@tailwindcss/forms/-/forms-0.5.10.tgz"
  "version" "0.5.10"
  dependencies:
    "mini-svg-data-uri" "^1.2.3"

"@tailwindcss/node@4.1.11":
  "integrity" "sha512-yzhzuGRmv5QyU9qLNg4GTlYI6STedBWRE7NjxP45CsFYYq9taI0zJXZBMqIC/c8fViNLhmrbpSFS57EoxUmD6Q=="
  "resolved" "https://registry.npmjs.org/@tailwindcss/node/-/node-4.1.11.tgz"
  "version" "4.1.11"
  dependencies:
    "@ampproject/remapping" "^2.3.0"
    "enhanced-resolve" "^5.18.1"
    "jiti" "^2.4.2"
    "lightningcss" "1.30.1"
    "magic-string" "^0.30.17"
    "source-map-js" "^1.2.1"
    "tailwindcss" "4.1.11"

"@tailwindcss/oxide-win32-x64-msvc@4.1.11":
  "integrity" "sha512-YfHoggn1j0LK7wR82TOucWc5LDCguHnoS879idHekmmiR7g9HUtMw9MI0NHatS28u/Xlkfi9w5RJWgz2Dl+5Qg=="
  "resolved" "https://registry.npmjs.org/@tailwindcss/oxide-win32-x64-msvc/-/oxide-win32-x64-msvc-4.1.11.tgz"
  "version" "4.1.11"

"@tailwindcss/oxide@4.1.11":
  "integrity" "sha512-Q69XzrtAhuyfHo+5/HMgr1lAiPP/G40OMFAnws7xcFEYqcypZmdW8eGXaOUIeOl1dzPJBPENXgbjsOyhg2nkrg=="
  "resolved" "https://registry.npmjs.org/@tailwindcss/oxide/-/oxide-4.1.11.tgz"
  "version" "4.1.11"
  dependencies:
    "detect-libc" "^2.0.4"
    "tar" "^7.4.3"
  optionalDependencies:
    "@tailwindcss/oxide-android-arm64" "4.1.11"
    "@tailwindcss/oxide-darwin-arm64" "4.1.11"
    "@tailwindcss/oxide-darwin-x64" "4.1.11"
    "@tailwindcss/oxide-freebsd-x64" "4.1.11"
    "@tailwindcss/oxide-linux-arm-gnueabihf" "4.1.11"
    "@tailwindcss/oxide-linux-arm64-gnu" "4.1.11"
    "@tailwindcss/oxide-linux-arm64-musl" "4.1.11"
    "@tailwindcss/oxide-linux-x64-gnu" "4.1.11"
    "@tailwindcss/oxide-linux-x64-musl" "4.1.11"
    "@tailwindcss/oxide-wasm32-wasi" "4.1.11"
    "@tailwindcss/oxide-win32-arm64-msvc" "4.1.11"
    "@tailwindcss/oxide-win32-x64-msvc" "4.1.11"

"@tailwindcss/vite@^4.0.0":
  "integrity" "sha512-RHYhrR3hku0MJFRV+fN2gNbDNEh3dwKvY8XJvTxCSXeMOsCRSr+uKvDWQcbizrHgjML6ZmTE5OwMrl5wKcujCw=="
  "resolved" "https://registry.npmjs.org/@tailwindcss/vite/-/vite-4.1.11.tgz"
  "version" "4.1.11"
  dependencies:
    "@tailwindcss/node" "4.1.11"
    "@tailwindcss/oxide" "4.1.11"
    "tailwindcss" "4.1.11"

"@types/cookie@^0.6.0":
  "integrity" "sha512-4Kh9a6B2bQciAhf7FSuMRRkUWecJgJu9nPnx3yzpsfXX/c50REIqpHY4C82bXP90qrLtXtkDxTZosYO3UpOwlA=="
  "resolved" "https://registry.npmjs.org/@types/cookie/-/cookie-0.6.0.tgz"
  "version" "0.6.0"

"@types/estree@^1.0.5", "@types/estree@^1.0.6", "@types/estree@1.0.8":
  "integrity" "sha512-dWHzHa2WqEXI/O1E9OjrocMTKJl2mSrEolh1Iomrv6U+JuNwaHXsXx9bLu5gG7BUWFIN0skIQJQ/L1rIex4X6w=="
  "resolved" "https://registry.npmjs.org/@types/estree/-/estree-1.0.8.tgz"
  "version" "1.0.8"

"acorn@^8.12.1", "acorn@^8.14.1":
  "integrity" "sha512-NZyJarBfL7nWwIq+FDL6Zp/yHEhePMNnnJ0y3qfieCrmNvYct8uvtiV41UvlSe6apAfk0fY1FbWx+NwfmpvtTg=="
  "resolved" "https://registry.npmjs.org/acorn/-/acorn-8.15.0.tgz"
  "version" "8.15.0"

"aria-query@^5.3.1":
  "integrity" "sha512-COROpnaoap1E2F000S62r6A60uHZnmlvomhfyT2DlTcrY1OrBKn2UhH7qn5wTC9zMvD0AY7csdPSNwKP+7WiQw=="
  "resolved" "https://registry.npmjs.org/aria-query/-/aria-query-5.3.2.tgz"
  "version" "5.3.2"

"asynckit@^0.4.0":
  "integrity" "sha512-Oei9OH4tRh0YqU3GxhX79dM/mwVgvbZJaSNaRk+bshkj0S5cfHcgYakreBjrHwatXKbz+IoIdYLxrKim2MjW0Q=="
  "resolved" "https://registry.npmjs.org/asynckit/-/asynckit-0.4.0.tgz"
  "version" "0.4.0"

"axios@^1.11.0":
  "integrity" "sha512-1Lx3WLFQWm3ooKDYZD1eXmoGO9fxYQjrycfHFC8P0sCfQVXyROp0p9PFWBehewBOdCwHc+f/b8I0fMto5eSfwA=="
  "resolved" "https://registry.npmjs.org/axios/-/axios-1.11.0.tgz"
  "version" "1.11.0"
  dependencies:
    "follow-redirects" "^1.15.6"
    "form-data" "^4.0.4"
    "proxy-from-env" "^1.1.0"

"axobject-query@^4.1.0":
  "integrity" "sha512-qIj0G9wZbMGNLjLmg1PT6v2mE9AH2zlnADJD/2tC6E00hgmhUOfEB6greHPAfLRSufHqROIUTkw6E+M3lH0PTQ=="
  "resolved" "https://registry.npmjs.org/axobject-query/-/axobject-query-4.1.0.tgz"
  "version" "4.1.0"

"call-bind-apply-helpers@^1.0.1", "call-bind-apply-helpers@^1.0.2":
  "integrity" "sha512-Sp1ablJ0ivDkSzjcaJdxEunN5/XvksFJ2sMBFfq6x0ryhQV/2b/KwFe21cMpmHtPOSij8K99/wSfoEuTObmuMQ=="
  "resolved" "https://registry.npmjs.org/call-bind-apply-helpers/-/call-bind-apply-helpers-1.0.2.tgz"
  "version" "1.0.2"
  dependencies:
    "es-errors" "^1.3.0"
    "function-bind" "^1.1.2"

"chokidar@^4.0.1":
  "integrity" "sha512-Qgzu8kfBvo+cA4962jnP1KkS6Dop5NS6g7R5LFYJr4b8Ub94PPQXUksCw9PvXoeXPRRddRNC5C1JQUR2SMGtnA=="
  "resolved" "https://registry.npmjs.org/chokidar/-/chokidar-4.0.3.tgz"
  "version" "4.0.3"
  dependencies:
    "readdirp" "^4.0.1"

"chownr@^3.0.0":
  "integrity" "sha512-+IxzY9BZOQd/XuYPRmrvEVjF/nqj5kgT4kEq7VofrDoM1MxoRjEWkrCC3EtLi59TVawxTAn+orJwFQcrqEN1+g=="
  "resolved" "https://registry.npmjs.org/chownr/-/chownr-3.0.0.tgz"
  "version" "3.0.0"

"clsx@^2.1.1":
  "integrity" "sha512-eYm0QWBtUrBWZWG0d386OGAw16Z995PiOVo2B7bjWSbHedGl5e0ZWaq65kOGgUSNesEIDkB9ISbTg/JK9dhCZA=="
  "resolved" "https://registry.npmjs.org/clsx/-/clsx-2.1.1.tgz"
  "version" "2.1.1"

"combined-stream@^1.0.8":
  "integrity" "sha512-FQN4MRfuJeHf7cBbBMJFXhKSDq+2kAArBlmRBvcvFE5BB1HZKXtSFASDhdlz9zOYwxh8lDdnvmMOe/+5cdoEdg=="
  "resolved" "https://registry.npmjs.org/combined-stream/-/combined-stream-1.0.8.tgz"
  "version" "1.0.8"
  dependencies:
    "delayed-stream" "~1.0.0"

"cookie@^0.6.0":
  "integrity" "sha512-U71cyTamuh1CRNCfpGY6to28lxvNwPG4Guz/EVjgf3Jmzv0vlDp1atT9eS5dDjMYHucpHbWns6Lwf3BKz6svdw=="
  "resolved" "https://registry.npmjs.org/cookie/-/cookie-0.6.0.tgz"
  "version" "0.6.0"

"debug@^4.3.7", "debug@^4.4.1":
  "integrity" "sha512-KcKCqiftBJcZr++7ykoDIEwSa3XWowTfNPo92BYxjXiyYEVrUQh2aLyhxBCwww+heortUFxEJYcRzosstTEBYQ=="
  "resolved" "https://registry.npmjs.org/debug/-/debug-4.4.1.tgz"
  "version" "4.4.1"
  dependencies:
    "ms" "^2.1.3"

"deepmerge@^4.3.1":
  "integrity" "sha512-3sUqbMEc77XqpdNO7FRyRog+eW3ph+GYCbj+rK+uYyRMuwsVy0rMiVtPn+QJlKFvWP/1PYpapqYn0Me2knFn+A=="
  "resolved" "https://registry.npmjs.org/deepmerge/-/deepmerge-4.3.1.tgz"
  "version" "4.3.1"

"delayed-stream@~1.0.0":
  "integrity" "sha512-ZySD7Nf91aLB0RxL4KGrKHBXl7Eds1DAmEdcoVawXnLD7SDhpNgtuII2aAkg7a7QS41jxPSZ17p4VdGnMHk3MQ=="
  "resolved" "https://registry.npmjs.org/delayed-stream/-/delayed-stream-1.0.0.tgz"
  "version" "1.0.0"

"detect-libc@^2.0.3", "detect-libc@^2.0.4":
  "integrity" "sha512-3UDv+G9CsCKO1WKMGw9fwq/SWJYbI0c5Y7LU1AXYoDdbhE2AHQ6N6Nb34sG8Fj7T5APy8qXDCKuuIHd1BR0tVA=="
  "resolved" "https://registry.npmjs.org/detect-libc/-/detect-libc-2.0.4.tgz"
  "version" "2.0.4"

"devalue@^5.1.0":
  "integrity" "sha512-maua5KUiapvEwiEAe+XnlZ3Rh0GD+qI1J/nb9vrJc3muPXvcF/8gXYTWF76+5DAqHyDUtOIImEuo0YKE9mshVw=="
  "resolved" "https://registry.npmjs.org/devalue/-/devalue-5.1.1.tgz"
  "version" "5.1.1"

"dunder-proto@^1.0.1":
  "integrity" "sha512-KIN/nDJBQRcXw0MLVhZE9iQHmG68qAVIBg9CqmUYjmQIhgij9U5MFvrqkUL5FbtyyzZuOeOt0zdeRe4UY7ct+A=="
  "resolved" "https://registry.npmjs.org/dunder-proto/-/dunder-proto-1.0.1.tgz"
  "version" "1.0.1"
  dependencies:
    "call-bind-apply-helpers" "^1.0.1"
    "es-errors" "^1.3.0"
    "gopd" "^1.2.0"

"enhanced-resolve@^5.18.1":
  "integrity" "sha512-6Jw4sE1maoRJo3q8MsSIn2onJFbLTOjY9hlx4DZXmOKvLRd1Ok2kXmAGXaafL2+ijsJZ1ClYbl/pmqr9+k4iUQ=="
  "resolved" "https://registry.npmjs.org/enhanced-resolve/-/enhanced-resolve-5.18.2.tgz"
  "version" "5.18.2"
  dependencies:
    "graceful-fs" "^4.2.4"
    "tapable" "^2.2.0"

"es-define-property@^1.0.1":
  "integrity" "sha512-e3nRfgfUZ4rNGL232gUgX06QNyyez04KdjFrF+LTRoOXmrOgFKDg4BCdsjW8EnT69eqdYGmRpJwiPVYNrCaW3g=="
  "resolved" "https://registry.npmjs.org/es-define-property/-/es-define-property-1.0.1.tgz"
  "version" "1.0.1"

"es-errors@^1.3.0":
  "integrity" "sha512-Zf5H2Kxt2xjTvbJvP2ZWLEICxA6j+hAmMzIlypy4xcBg1vKVnx89Wy0GbS+kf5cwCVFFzdCFh2XSCFNULS6csw=="
  "resolved" "https://registry.npmjs.org/es-errors/-/es-errors-1.3.0.tgz"
  "version" "1.3.0"

"es-object-atoms@^1.0.0", "es-object-atoms@^1.1.1":
  "integrity" "sha512-FGgH2h8zKNim9ljj7dankFPcICIK9Cp5bm+c2gQSYePhpaG5+esrLODihIorn+Pe6FGJzWhXQotPv73jTaldXA=="
  "resolved" "https://registry.npmjs.org/es-object-atoms/-/es-object-atoms-1.1.1.tgz"
  "version" "1.1.1"
  dependencies:
    "es-errors" "^1.3.0"

"es-set-tostringtag@^2.1.0":
  "integrity" "sha512-j6vWzfrGVfyXxge+O0x5sh6cvxAog0a/4Rdd2K36zCMV5eJ+/+tOAngRO8cODMNWbVRdVlmGZQL2YS3yR8bIUA=="
  "resolved" "https://registry.npmjs.org/es-set-tostringtag/-/es-set-tostringtag-2.1.0.tgz"
  "version" "2.1.0"
  dependencies:
    "es-errors" "^1.3.0"
    "get-intrinsic" "^1.2.6"
    "has-tostringtag" "^1.0.2"
    "hasown" "^2.0.2"

"esbuild@^0.25.0":
  "integrity" "sha512-vVC0USHGtMi8+R4Kz8rt6JhEWLxsv9Rnu/lGYbPR8u47B+DCBksq9JarW0zOO7bs37hyOK1l2/oqtbciutL5+Q=="
  "resolved" "https://registry.npmjs.org/esbuild/-/esbuild-0.25.8.tgz"
  "version" "0.25.8"
  optionalDependencies:
    "@esbuild/aix-ppc64" "0.25.8"
    "@esbuild/android-arm" "0.25.8"
    "@esbuild/android-arm64" "0.25.8"
    "@esbuild/android-x64" "0.25.8"
    "@esbuild/darwin-arm64" "0.25.8"
    "@esbuild/darwin-x64" "0.25.8"
    "@esbuild/freebsd-arm64" "0.25.8"
    "@esbuild/freebsd-x64" "0.25.8"
    "@esbuild/linux-arm" "0.25.8"
    "@esbuild/linux-arm64" "0.25.8"
    "@esbuild/linux-ia32" "0.25.8"
    "@esbuild/linux-loong64" "0.25.8"
    "@esbuild/linux-mips64el" "0.25.8"
    "@esbuild/linux-ppc64" "0.25.8"
    "@esbuild/linux-riscv64" "0.25.8"
    "@esbuild/linux-s390x" "0.25.8"
    "@esbuild/linux-x64" "0.25.8"
    "@esbuild/netbsd-arm64" "0.25.8"
    "@esbuild/netbsd-x64" "0.25.8"
    "@esbuild/openbsd-arm64" "0.25.8"
    "@esbuild/openbsd-x64" "0.25.8"
    "@esbuild/openharmony-arm64" "0.25.8"
    "@esbuild/sunos-x64" "0.25.8"
    "@esbuild/win32-arm64" "0.25.8"
    "@esbuild/win32-ia32" "0.25.8"
    "@esbuild/win32-x64" "0.25.8"

"esm-env@^1.2.1", "esm-env@^1.2.2":
  "integrity" "sha512-Epxrv+Nr/CaL4ZcFGPJIYLWFom+YeV1DqMLHJoEd9SYRxNbaFruBwfEX/kkHUJf55j2+TUbmDcmuilbP1TmXHA=="
  "resolved" "https://registry.npmjs.org/esm-env/-/esm-env-1.2.2.tgz"
  "version" "1.2.2"

"esrap@^2.1.0":
  "integrity" "sha512-yzmPNpl7TBbMRC5Lj2JlJZNPml0tzqoqP5B1JXycNUwtqma9AKCO0M2wHrdgsHcy1WRW7S9rJknAMtByg3usgA=="
  "resolved" "https://registry.npmjs.org/esrap/-/esrap-2.1.0.tgz"
  "version" "2.1.0"
  dependencies:
    "@jridgewell/sourcemap-codec" "^1.4.15"

"fdir@^6.2.0", "fdir@^6.4.4":
  "integrity" "sha512-hiFoqpyZcfNm1yc4u8oWCf9A2c4D3QjCrks3zmoVKVxpQRzmPNar1hUJcBG2RQHvEVGDN+Jm81ZheVLAQMK6+w=="
  "resolved" "https://registry.npmjs.org/fdir/-/fdir-6.4.6.tgz"
  "version" "6.4.6"

"follow-redirects@^1.15.6":
  "integrity" "sha512-deG2P0JfjrTxl50XGCDyfI97ZGVCxIpfKYmfyrQ54n5FO/0gfIES8C/Psl6kWVDolizcaaxZJnTS0QSMxvnsBQ=="
  "resolved" "https://registry.npmjs.org/follow-redirects/-/follow-redirects-1.15.11.tgz"
  "version" "1.15.11"

"form-data@^4.0.4":
  "integrity" "sha512-KrGhL9Q4zjj0kiUt5OO4Mr/A/jlI2jDYs5eHBpYHPcBEVSiipAvn2Ko2HnPe20rmcuuvMHNdZFp+4IlGTMF0Ow=="
  "resolved" "https://registry.npmjs.org/form-data/-/form-data-4.0.4.tgz"
  "version" "4.0.4"
  dependencies:
    "asynckit" "^0.4.0"
    "combined-stream" "^1.0.8"
    "es-set-tostringtag" "^2.1.0"
    "hasown" "^2.0.2"
    "mime-types" "^2.1.12"

"function-bind@^1.1.2":
  "integrity" "sha512-7XHNxH7qX9xG5mIwxkhumTox/MIRNcOgDrxWsMt2pAr23WHp6MrRlN7FBSFpCpr+oVO0F744iUgR82nJMfG2SA=="
  "resolved" "https://registry.npmjs.org/function-bind/-/function-bind-1.1.2.tgz"
  "version" "1.1.2"

"get-intrinsic@^1.2.6":
  "integrity" "sha512-9fSjSaos/fRIVIp+xSJlE6lfwhES7LNtKaCBIamHsjr2na1BiABJPo0mOjjz8GJDURarmCPGqaiVg5mfjb98CQ=="
  "resolved" "https://registry.npmjs.org/get-intrinsic/-/get-intrinsic-1.3.0.tgz"
  "version" "1.3.0"
  dependencies:
    "call-bind-apply-helpers" "^1.0.2"
    "es-define-property" "^1.0.1"
    "es-errors" "^1.3.0"
    "es-object-atoms" "^1.1.1"
    "function-bind" "^1.1.2"
    "get-proto" "^1.0.1"
    "gopd" "^1.2.0"
    "has-symbols" "^1.1.0"
    "hasown" "^2.0.2"
    "math-intrinsics" "^1.1.0"

"get-proto@^1.0.1":
  "integrity" "sha512-sTSfBjoXBp89JvIKIefqw7U2CCebsc74kiY6awiGogKtoSGbgjYE/G/+l9sF3MWFPNc9IcoOC4ODfKHfxFmp0g=="
  "resolved" "https://registry.npmjs.org/get-proto/-/get-proto-1.0.1.tgz"
  "version" "1.0.1"
  dependencies:
    "dunder-proto" "^1.0.1"
    "es-object-atoms" "^1.0.0"

"gopd@^1.2.0":
  "integrity" "sha512-ZUKRh6/kUFoAiTAtTYPZJ3hw9wNxx+BIBOijnlG9PnrJsCcSjs1wyyD6vJpaYtgnzDrKYRSqf3OO6Rfa93xsRg=="
  "resolved" "https://registry.npmjs.org/gopd/-/gopd-1.2.0.tgz"
  "version" "1.2.0"

"graceful-fs@^4.2.4":
  "integrity" "sha512-RbJ5/jmFcNNCcDV5o9eTnBLJ/HszWV0P73bc+Ff4nS/rJj+YaS6IGyiOL0VoBYX+l1Wrl3k63h/KrH+nhJ0XvQ=="
  "resolved" "https://registry.npmjs.org/graceful-fs/-/graceful-fs-4.2.11.tgz"
  "version" "4.2.11"

"has-symbols@^1.0.3", "has-symbols@^1.1.0":
  "integrity" "sha512-1cDNdwJ2Jaohmb3sg4OmKaMBwuC48sYni5HUw2DvsC8LjGTLK9h+eb1X6RyuOHe4hT0ULCW68iomhjUoKUqlPQ=="
  "resolved" "https://registry.npmjs.org/has-symbols/-/has-symbols-1.1.0.tgz"
  "version" "1.1.0"

"has-tostringtag@^1.0.2":
  "integrity" "sha512-NqADB8VjPFLM2V0VvHUewwwsw0ZWBaIdgo+ieHtK3hasLz4qeCRjYcqfB6AQrBggRKppKF8L52/VqdVsO47Dlw=="
  "resolved" "https://registry.npmjs.org/has-tostringtag/-/has-tostringtag-1.0.2.tgz"
  "version" "1.0.2"
  dependencies:
    "has-symbols" "^1.0.3"

"hasown@^2.0.2":
  "integrity" "sha512-0hJU9SCPvmMzIBdZFqNPXWa6dqh7WdH0cII9y+CyS8rG3nL48Bclra9HmKhVVUHyPWNH5Y7xDwAB7bfgSjkUMQ=="
  "resolved" "https://registry.npmjs.org/hasown/-/hasown-2.0.2.tgz"
  "version" "2.0.2"
  dependencies:
    "function-bind" "^1.1.2"

"is-reference@^3.0.3":
  "integrity" "sha512-ixkJoqQvAP88E6wLydLGGqCJsrFUnqoH6HnaczB8XmDH1oaWU+xxdptvikTgaEhtZ53Ky6YXiBuUI2WXLMCwjw=="
  "resolved" "https://registry.npmjs.org/is-reference/-/is-reference-3.0.3.tgz"
  "version" "3.0.3"
  dependencies:
    "@types/estree" "^1.0.6"

"jiti@^2.4.2":
  "integrity" "sha512-rg9zJN+G4n2nfJl5MW3BMygZX56zKPNVEYYqq7adpmMh4Jn2QNEwhvQlFy6jPVdcod7txZtKHWnyZiA3a0zP7A=="
  "resolved" "https://registry.npmjs.org/jiti/-/jiti-2.4.2.tgz"
  "version" "2.4.2"

"kleur@^4.1.5":
  "integrity" "sha512-o+NO+8WrRiQEE4/7nwRJhN1HWpVmJm511pBHUxPLtp0BUISzlBplORYSmTclCnJvQq2tKu/sgl3xVpkc7ZWuQQ=="
  "resolved" "https://registry.npmjs.org/kleur/-/kleur-4.1.5.tgz"
  "version" "4.1.5"

"lightningcss-win32-x64-msvc@1.30.1":
  "integrity" "sha512-PVqXh48wh4T53F/1CCu8PIPCxLzWyCnn/9T5W1Jpmdy5h9Cwd+0YQS6/LwhHXSafuc61/xg9Lv5OrCby6a++jg=="
  "resolved" "https://registry.npmjs.org/lightningcss-win32-x64-msvc/-/lightningcss-win32-x64-msvc-1.30.1.tgz"
  "version" "1.30.1"

"lightningcss@1.30.1":
  "integrity" "sha512-xi6IyHML+c9+Q3W0S4fCQJOym42pyurFiJUHEcEyHS0CeKzia4yZDEsLlqOFykxOdHpNy0NmvVO31vcSqAxJCg=="
  "resolved" "https://registry.npmjs.org/lightningcss/-/lightningcss-1.30.1.tgz"
  "version" "1.30.1"
  dependencies:
    "detect-libc" "^2.0.3"
  optionalDependencies:
    "lightningcss-darwin-arm64" "1.30.1"
    "lightningcss-darwin-x64" "1.30.1"
    "lightningcss-freebsd-x64" "1.30.1"
    "lightningcss-linux-arm-gnueabihf" "1.30.1"
    "lightningcss-linux-arm64-gnu" "1.30.1"
    "lightningcss-linux-arm64-musl" "1.30.1"
    "lightningcss-linux-x64-gnu" "1.30.1"
    "lightningcss-linux-x64-musl" "1.30.1"
    "lightningcss-win32-arm64-msvc" "1.30.1"
    "lightningcss-win32-x64-msvc" "1.30.1"

"locate-character@^3.0.0":
  "integrity" "sha512-SW13ws7BjaeJ6p7Q6CO2nchbYEc3X3J6WrmTTDto7yMPqVSZTUyY5Tjbid+Ab8gLnATtygYtiDIJGQRRn2ZOiA=="
  "resolved" "https://registry.npmjs.org/locate-character/-/locate-character-3.0.0.tgz"
  "version" "3.0.0"

"lucide-svelte@^0.525.0":
  "integrity" "sha512-kfuN6JcCqTfCz2B76aXnyGLAzEBRSYw5GaUspM5RNHQZS5aI5yaKu06fbaofOk8cDvUtY0AUm/zAix7aUX6Q3A=="
  "resolved" "https://registry.npmjs.org/lucide-svelte/-/lucide-svelte-0.525.0.tgz"
  "version" "0.525.0"

"magic-string@^0.30.11", "magic-string@^0.30.17", "magic-string@^0.30.5":
  "integrity" "sha512-sNPKHvyjVf7gyjwS4xGTaW/mCnF8wnjtifKBEhxfZ7E/S8tQ0rssrwGNn6q8JH/ohItJfSQp9mBtQYuTlH5QnA=="
  "resolved" "https://registry.npmjs.org/magic-string/-/magic-string-0.30.17.tgz"
  "version" "0.30.17"
  dependencies:
    "@jridgewell/sourcemap-codec" "^1.5.0"

"math-intrinsics@^1.1.0":
  "integrity" "sha512-/IXtbwEk5HTPyEwyKX6hGkYXxM9nbj64B+ilVJnC/R6B0pH5G4V3b0pVbL7DBj4tkhBAppbQUlf6F6Xl9LHu1g=="
  "resolved" "https://registry.npmjs.org/math-intrinsics/-/math-intrinsics-1.1.0.tgz"
  "version" "1.1.0"

"mime-db@1.52.0":
  "integrity" "sha512-sPU4uV7dYlvtWJxwwxHD0PuihVNiE7TyAbQ5SWxDCB9mUYvOgroQOwYQQOKPJ8CIbE+1ETVlOoK1UC2nU3gYvg=="
  "resolved" "https://registry.npmjs.org/mime-db/-/mime-db-1.52.0.tgz"
  "version" "1.52.0"

"mime-types@^2.1.12":
  "integrity" "sha512-ZDY+bPm5zTTF+YpCrAU9nK0UgICYPT0QtT1NZWFv4s++TNkcgVaT0g6+4R2uI4MjQjzysHB1zxuWL50hzaeXiw=="
  "resolved" "https://registry.npmjs.org/mime-types/-/mime-types-2.1.35.tgz"
  "version" "2.1.35"
  dependencies:
    "mime-db" "1.52.0"

"mini-svg-data-uri@^1.2.3":
  "integrity" "sha512-r9deDe9p5FJUPZAk3A59wGH7Ii9YrjjWw0jmw/liSbHl2CHiyXj6FcDXDu2K3TjVAXqiJdaw3xxwlZZr9E6nHg=="
  "resolved" "https://registry.npmjs.org/mini-svg-data-uri/-/mini-svg-data-uri-1.4.4.tgz"
  "version" "1.4.4"

"minipass@^7.0.4", "minipass@^7.1.2":
  "integrity" "sha512-qOOzS1cBTWYF4BH8fVePDBOO9iptMnGUEZwNc/cMWnTV2nVLZ7VoNWEPHkYczZA0pdoA7dl6e7FL659nX9S2aw=="
  "resolved" "https://registry.npmjs.org/minipass/-/minipass-7.1.2.tgz"
  "version" "7.1.2"

"minizlib@^3.0.1":
  "integrity" "sha512-oG62iEk+CYt5Xj2YqI5Xi9xWUeZhDI8jjQmC5oThVH5JGCTgIjr7ciJDzC7MBzYd//WvR1OTmP5Q38Q8ShQtVA=="
  "resolved" "https://registry.npmjs.org/minizlib/-/minizlib-3.0.2.tgz"
  "version" "3.0.2"
  dependencies:
    "minipass" "^7.1.2"

"mkdirp@^3.0.1":
  "integrity" "sha512-+NsyUUAZDmo6YVHzL/stxSu3t9YS1iljliy3BSDrXJ/dkn1KYdmtZODGGjLcc9XLgVVpH4KshHB8XmZgMhaBXg=="
  "resolved" "https://registry.npmjs.org/mkdirp/-/mkdirp-3.0.1.tgz"
  "version" "3.0.1"

"mri@^1.1.0":
  "integrity" "sha512-tzzskb3bG8LvYGFF/mDTpq3jpI6Q9wc3LEmBaghu+DdCssd1FakN7Bc0hVNmEyGq1bq3RgfkCb3cmQLpNPOroA=="
  "resolved" "https://registry.npmjs.org/mri/-/mri-1.2.0.tgz"
  "version" "1.2.0"

"mrmime@^2.0.0":
  "integrity" "sha512-Y3wQdFg2Va6etvQ5I82yUhGdsKrcYox6p7FfL1LbK2J4V01F9TGlepTIhnK24t7koZibmg82KGglhA1XK5IsLQ=="
  "resolved" "https://registry.npmjs.org/mrmime/-/mrmime-2.0.1.tgz"
  "version" "2.0.1"

"ms@^2.1.3":
  "integrity" "sha512-6FlzubTLZG3J2a/NVCAleEhjzq5oxgHyaCU9yYXvcLsvoVaHJq/s5xXI6/XXP6tz7R9xAOtHnSO/tXtF3WRTlA=="
  "resolved" "https://registry.npmjs.org/ms/-/ms-2.1.3.tgz"
  "version" "2.1.3"

"nanoid@^3.3.11":
  "integrity" "sha512-N8SpfPUnUp1bK+PMYW8qSWdl9U+wwNWI4QKxOYDy9JAro3WMX7p2OeVRF9v+347pnakNevPmiHhNmZ2HbFA76w=="
  "resolved" "https://registry.npmjs.org/nanoid/-/nanoid-3.3.11.tgz"
  "version" "3.3.11"

"picocolors@^1.0.0", "picocolors@^1.1.1":
  "integrity" "sha512-xceH2snhtb5M9liqDsmEw56le376mTZkEX/jEb/RxNFyegNul7eNslCXP9FDj/Lcu0X8KEyMceP2ntpaHrDEVA=="
  "resolved" "https://registry.npmjs.org/picocolors/-/picocolors-1.1.1.tgz"
  "version" "1.1.1"

"picomatch@^4.0.2":
  "integrity" "sha512-5gTmgEY/sqK6gFXLIsQNH19lWb4ebPDLA4SdLP7dsWkIXHWlG66oPuVvXSGFPppYZz8ZDZq0dYYrbHfBCVUb1Q=="
  "resolved" "https://registry.npmjs.org/picomatch/-/picomatch-4.0.3.tgz"
  "version" "4.0.3"

"postcss@^8.5.3":
  "integrity" "sha512-3Ybi1tAuwAP9s0r1UQ2J4n5Y0G05bJkpUIO0/bI9MhwmD70S5aTWbXGBwxHrelT+XM1k6dM0pk+SwNkpTRN7Pg=="
  "resolved" "https://registry.npmjs.org/postcss/-/postcss-8.5.6.tgz"
  "version" "8.5.6"
  dependencies:
    "nanoid" "^3.3.11"
    "picocolors" "^1.1.1"
    "source-map-js" "^1.2.1"

"prettier-plugin-svelte@^3.3.3":
  "integrity" "sha512-pn1ra/0mPObzqoIQn/vUTR3ZZI6UuZ0sHqMK5x2jMLGrs53h0sXhkVuDcrlssHwIMk7FYrMjHBPoUSyyEEDlBQ=="
  "resolved" "https://registry.npmjs.org/prettier-plugin-svelte/-/prettier-plugin-svelte-3.4.0.tgz"
  "version" "3.4.0"

"prettier-plugin-tailwindcss@^0.6.11":
  "integrity" "sha512-pi2e/+ZygeIqntN+vC573BcW5Cve8zUB0SSAGxqpB4f96boZF4M3phPVoOFCeypwkpRYdi7+jQ5YJJUwrkGUAg=="
  "resolved" "https://registry.npmjs.org/prettier-plugin-tailwindcss/-/prettier-plugin-tailwindcss-0.6.14.tgz"
  "version" "0.6.14"

"prettier@^3.4.2":
  "integrity" "sha512-I7AIg5boAr5R0FFtJ6rCfD+LFsWHp81dolrFD8S79U9tb8Az2nGrJncnMSnys+bpQJfRUzqs9hnA81OAA3hCuQ=="
  "resolved" "https://registry.npmjs.org/prettier/-/prettier-3.6.2.tgz"
  "version" "3.6.2"

"proxy-from-env@^1.1.0":
  "integrity" "sha512-D+zkORCbA9f1tdWRK0RaCR3GPv50cMxcrz4X8k5LTSUD1Dkw47mKJEZQNunItRTkWwgtaUSo1RVFRIG9ZXiFYg=="
  "resolved" "https://registry.npmjs.org/proxy-from-env/-/proxy-from-env-1.1.0.tgz"
  "version" "1.1.0"

"readdirp@^4.0.1":
  "integrity" "sha512-GDhwkLfywWL2s6vEjyhri+eXmfH6j1L7JE27WhqLeYzoh/A3DBaYGEj2H/HFZCn/kMfim73FXxEJTw06WtxQwg=="
  "resolved" "https://registry.npmjs.org/readdirp/-/readdirp-4.1.2.tgz"
  "version" "4.1.2"

"rollup@^4.34.9":
  "integrity" "sha512-4iya7Jb76fVpQyLoiVpzUrsjQ12r3dM7fIVz+4NwoYvZOShknRmiv+iu9CClZml5ZLGb0XMcYLutK6w9tgxHDw=="
  "resolved" "https://registry.npmjs.org/rollup/-/rollup-4.45.1.tgz"
  "version" "4.45.1"
  dependencies:
    "@types/estree" "1.0.8"
  optionalDependencies:
    "@rollup/rollup-android-arm-eabi" "4.45.1"
    "@rollup/rollup-android-arm64" "4.45.1"
    "@rollup/rollup-darwin-arm64" "4.45.1"
    "@rollup/rollup-darwin-x64" "4.45.1"
    "@rollup/rollup-freebsd-arm64" "4.45.1"
    "@rollup/rollup-freebsd-x64" "4.45.1"
    "@rollup/rollup-linux-arm-gnueabihf" "4.45.1"
    "@rollup/rollup-linux-arm-musleabihf" "4.45.1"
    "@rollup/rollup-linux-arm64-gnu" "4.45.1"
    "@rollup/rollup-linux-arm64-musl" "4.45.1"
    "@rollup/rollup-linux-loongarch64-gnu" "4.45.1"
    "@rollup/rollup-linux-powerpc64le-gnu" "4.45.1"
    "@rollup/rollup-linux-riscv64-gnu" "4.45.1"
    "@rollup/rollup-linux-riscv64-musl" "4.45.1"
    "@rollup/rollup-linux-s390x-gnu" "4.45.1"
    "@rollup/rollup-linux-x64-gnu" "4.45.1"
    "@rollup/rollup-linux-x64-musl" "4.45.1"
    "@rollup/rollup-win32-arm64-msvc" "4.45.1"
    "@rollup/rollup-win32-ia32-msvc" "4.45.1"
    "@rollup/rollup-win32-x64-msvc" "4.45.1"
    "fsevents" "~2.3.2"

"sade@^1.7.4", "sade@^1.8.1":
  "integrity" "sha512-xal3CZX1Xlo/k4ApwCFrHVACi9fBqJ7V+mwhBsuf/1IOKbBy098Fex+Wa/5QMubw09pSZ/u8EY8PWgevJsXp1A=="
  "resolved" "https://registry.npmjs.org/sade/-/sade-1.8.1.tgz"
  "version" "1.8.1"
  dependencies:
    "mri" "^1.1.0"

"set-cookie-parser@^2.6.0":
  "integrity" "sha512-IOc8uWeOZgnb3ptbCURJWNjWUPcO3ZnTTdzsurqERrP6nPyv+paC55vJM0LpOlT2ne+Ix+9+CRG1MNLlyZ4GjQ=="
  "resolved" "https://registry.npmjs.org/set-cookie-parser/-/set-cookie-parser-2.7.1.tgz"
  "version" "2.7.1"

"sirv@^3.0.0":
  "integrity" "sha512-FoqMu0NCGBLCcAkS1qA+XJIQTR6/JHfQXl+uGteNCQ76T91DMUjPa9xfmeqMY3z80nLSg9yQmNjK0Px6RWsH/A=="
  "resolved" "https://registry.npmjs.org/sirv/-/sirv-3.0.1.tgz"
  "version" "3.0.1"
  dependencies:
    "@polka/url" "^1.0.0-next.24"
    "mrmime" "^2.0.0"
    "totalist" "^3.0.0"

"source-map-js@^1.2.1":
  "integrity" "sha512-UXWMKhLOwVKb728IUtQPXxfYU+usdybtUrK/8uGE8CQMvrhOpwvzDBwj0QhSL7MQc7vIsISBG8VQ8+IDQxpfQA=="
  "resolved" "https://registry.npmjs.org/source-map-js/-/source-map-js-1.2.1.tgz"
  "version" "1.2.1"

"svelte-check@^4.0.0":
  "integrity" "sha512-Iz8dFXzBNAM7XlEIsUjUGQhbEE+Pvv9odb9+0+ITTgFWZBGeJRRYqHUUglwe2EkLD5LIsQaAc4IUJyvtKuOO5w=="
  "resolved" "https://registry.npmjs.org/svelte-check/-/svelte-check-4.3.0.tgz"
  "version" "4.3.0"
  dependencies:
    "@jridgewell/trace-mapping" "^0.3.25"
    "chokidar" "^4.0.1"
    "fdir" "^6.2.0"
    "picocolors" "^1.0.0"
    "sade" "^1.7.4"

"svelte-fa@^4.0.4":
  "integrity" "sha512-85BomCGkTrH8kPDGvb8JrVwq9CqR9foprbKjxemP4Dtg3zPR7OXj5hD0xVYK0C+UCzFI1zooLoK/ndIX6aYXAw=="
  "resolved" "https://registry.npmjs.org/svelte-fa/-/svelte-fa-4.0.4.tgz"
  "version" "4.0.4"

"svelte@^5.0.0":
  "integrity" "sha512-LnSywHHQM/nJekC65d84T1Yo85IeCYN4AryWYPhTokSvcEAFdYFCfbMhX1mc0zHizT736QQj0nalUk+SXaWrEQ=="
  "resolved" "https://registry.npmjs.org/svelte/-/svelte-5.36.13.tgz"
  "version" "5.36.13"
  dependencies:
    "@ampproject/remapping" "^2.3.0"
    "@jridgewell/sourcemap-codec" "^1.5.0"
    "@sveltejs/acorn-typescript" "^1.0.5"
    "@types/estree" "^1.0.5"
    "acorn" "^8.12.1"
    "aria-query" "^5.3.1"
    "axobject-query" "^4.1.0"
    "clsx" "^2.1.1"
    "esm-env" "^1.2.1"
    "esrap" "^2.1.0"
    "is-reference" "^3.0.3"
    "locate-character" "^3.0.0"
    "magic-string" "^0.30.11"
    "zimmerframe" "^1.1.2"

"tailwindcss@^4.0.0", "tailwindcss@4.1.11":
  "integrity" "sha512-2E9TBm6MDD/xKYe+dvJZAmg3yxIEDNRc0jwlNyDg/4Fil2QcSLjFKGVff0lAf1jjeaArlG/M75Ey/EYr/OJtBA=="
  "resolved" "https://registry.npmjs.org/tailwindcss/-/tailwindcss-4.1.11.tgz"
  "version" "4.1.11"

"tapable@^2.2.0":
  "integrity" "sha512-Re10+NauLTMCudc7T5WLFLAwDhQ0JWdrMK+9B2M8zR5hRExKmsRDCBA7/aV/pNJFltmBFO5BAMlQFi/vq3nKOg=="
  "resolved" "https://registry.npmjs.org/tapable/-/tapable-2.2.2.tgz"
  "version" "2.2.2"

"tar@^7.4.3":
  "integrity" "sha512-5S7Va8hKfV7W5U6g3aYxXmlPoZVAwUMy9AOKyF2fVuZa2UD3qZjg578OrLRt8PcNN1PleVaL/5/yYATNL0ICUw=="
  "resolved" "https://registry.npmjs.org/tar/-/tar-7.4.3.tgz"
  "version" "7.4.3"
  dependencies:
    "@isaacs/fs-minipass" "^4.0.0"
    "chownr" "^3.0.0"
    "minipass" "^7.1.2"
    "minizlib" "^3.0.1"
    "mkdirp" "^3.0.1"
    "yallist" "^5.0.0"

"tinyglobby@^0.2.13":
  "integrity" "sha512-tX5e7OM1HnYr2+a2C/4V0htOcSQcoSTH9KgJnVvNm5zm/cyEWKJ7j7YutsH9CxMdtOkkLFy2AHrMci9IM8IPZQ=="
  "resolved" "https://registry.npmjs.org/tinyglobby/-/tinyglobby-0.2.14.tgz"
  "version" "0.2.14"
  dependencies:
    "fdir" "^6.4.4"
    "picomatch" "^4.0.2"

"totalist@^3.0.0":
  "integrity" "sha512-sf4i37nQ2LBx4m3wB74y+ubopq6W/dIzXg0FDGjsYnZHVa1Da8FH853wlL2gtUhg+xJXjfk3kUZS3BRoQeoQBQ=="
  "resolved" "https://registry.npmjs.org/totalist/-/totalist-3.0.1.tgz"
  "version" "3.0.1"

"typescript@^5.0.0":
  "integrity" "sha512-p1diW6TqL9L07nNxvRMM7hMMw4c5XOo/1ibL4aAIGmSAt9slTE1Xgw5KWuof2uTOvCg9BY7ZRi+GaF+7sfgPeQ=="
  "resolved" "https://registry.npmjs.org/typescript/-/typescript-5.8.3.tgz"
  "version" "5.8.3"

"vite@^6.2.6":
  "integrity" "sha512-cZn6NDFE7wdTpINgs++ZJ4N49W2vRp8LCKrn3Ob1kYNtOo21vfDoaV5GzBfLU4MovSAB8uNRm4jgzVQZ+mBzPQ=="
  "resolved" "https://registry.npmjs.org/vite/-/vite-6.3.5.tgz"
  "version" "6.3.5"
  dependencies:
    "esbuild" "^0.25.0"
    "fdir" "^6.4.4"
    "picomatch" "^4.0.2"
    "postcss" "^8.5.3"
    "rollup" "^4.34.9"
    "tinyglobby" "^0.2.13"
  optionalDependencies:
    "fsevents" "~2.3.3"

"vitefu@^1.0.6":
  "integrity" "sha512-B/Fegf3i8zh0yFbpzZ21amWzHmuNlLlmJT6n7bu5e+pCHUKQIfXSYokrqOBGEMMe9UG2sostKQF9mml/vYaWJQ=="
  "resolved" "https://registry.npmjs.org/vitefu/-/vitefu-1.1.1.tgz"
  "version" "1.1.1"

"yallist@^5.0.0":
  "integrity" "sha512-YgvUTfwqyc7UXVMrB+SImsVYSmTS8X/tSrtdNZMImM+n7+QTriRXyXim0mBrTXNeqzVF0KWGgHPeiyViFFrNDw=="
  "resolved" "https://registry.npmjs.org/yallist/-/yallist-5.0.0.tgz"
  "version" "5.0.0"

"zimmerframe@^1.1.2":
  "integrity" "sha512-rAbqEGa8ovJy4pyBxZM70hg4pE6gDgaQ0Sl9M3enG3I0d6H4XSAM3GeNGLKnsBpuijUow064sf7ww1nutC5/3w=="
  "resolved" "https://registry.npmjs.org/zimmerframe/-/zimmerframe-1.1.2.tgz"
  "version" "1.1.2"
